{
  "name": "parse-server-example",
  "version": "1.4.0",
  "lockfileVersion": 1,
  "requires": true,
  "dependencies": {
    "simple-jsonrpc-js": {
      "version": "1.0.1",
      "resolved": "https://registry.npmjs.org/simple-jsonrpc-js/-/simple-jsonrpc-js-1.0.1.tgz",
      "integrity": "sha512-eDzPnehkkgM9w+Ic3afGQmb3Oo/A4NnRi+nyS0YvykiKohTs9YdH3hBxJRPir16/aPC9kjd1RfsZaUVwkjh5wA=="
    }
  }
}
